
Microsoft Visual Studio Solution File, Format Version 12.00
# Visual Studio Version 16
VisualStudioVersion = 16.0.29215.179
MinimumVisualStudioVersion = 10.0.40219.1
Project("{8BC9CEB8-8B4A-11D0-8D11-00A0C91BC942}") = "2_Harjoitukset_190912", "2_Harjoitukset_190912.vcxproj", "{078F8C7E-C7B6-496D-A9E2-BE4EFCB7DEA1}"
EndProject
Global
	GlobalSection(SolutionConfigurationPlatforms) = preSolution
		Debug|x64 = Debug|x64
		Debug|x86 = Debug|x86
		Release|x64 = Release|x64
		Release|x86 = Release|x86
	EndGlobalSection
	GlobalSection(ProjectConfigurationPlatforms) = postSolution
		{078F8C7E-C7B6-496D-A9E2-BE4EFCB7DEA1}.Debug|x64.ActiveCfg = Debug|x64
		{078F8C7E-C7B6-496D-A9E2-BE4EFCB7DEA1}.Debug|x64.Build.0 = Debug|x64
		{078F8C7E-C7B6-496D-A9E2-BE4EFCB7DEA1}.Debug|x86.ActiveCfg = Debug|Win32
		{078F8C7E-C7B6-496D-A9E2-BE4EFCB7DEA1}.Debug|x86.Build.0 = Debug|Win32
		{078F8C7E-C7B6-496D-A9E2-BE4EFCB7DEA1}.Release|x64.ActiveCfg = Release|x64
		{078F8C7E-C7B6-496D-A9E2-BE4EFCB7DEA1}.Release|x64.Build.0 = Release|x64
		{078F8C7E-C7B6-496D-A9E2-BE4EFCB7DEA1}.Release|x86.ActiveCfg = Release|Win32
		{078F8C7E-C7B6-496D-A9E2-BE4EFCB7DEA1}.Release|x86.Build.0 = Release|Win32
	EndGlobalSection
	GlobalSection(SolutionProperties) = preSolution
		HideSolutionNode = FALSE
	EndGlobalSection
	GlobalSection(ExtensibilityGlobals) = postSolution
		SolutionGuid = {681741CB-BC10-4C83-9649-BA41DB9F1751}
	EndGlobalSection
EndGlobal
